
Microsoft Visual Studio Solution File, Format Version 12.00
# Visual Studio 14
VisualStudioVersion = 14.0.25123.0
MinimumVisualStudioVersion = 10.0.40219.1
Project("{FAE04EC0-301F-11D3-BF4B-00C04F79EFBC}") = "IsdWebSiteApp", "IsdWebSiteApp\IsdWebSiteApp.csproj", "{AD88E5DD-DD61-4F53-BF48-051BD3C907ED}"
EndProject
Global
	GlobalSection(SolutionConfigurationPlatforms) = preSolution
		Debug|Any CPU = Debug|Any CPU
		Release|Any CPU = Release|Any CPU
	EndGlobalSection
	GlobalSection(ProjectConfigurationPlatforms) = postSolution
		{AD88E5DD-DD61-4F53-BF48-051BD3C907ED}.Debug|Any CPU.ActiveCfg = Debug|Any CPU
		{AD88E5DD-DD61-4F53-BF48-051BD3C907ED}.Debug|Any CPU.Build.0 = Debug|Any CPU
		{AD88E5DD-DD61-4F53-BF48-051BD3C907ED}.Release|Any CPU.ActiveCfg = Release|Any CPU
		{AD88E5DD-DD61-4F53-BF48-051BD3C907ED}.Release|Any CPU.Build.0 = Release|Any CPU
	EndGlobalSection
	GlobalSection(SolutionProperties) = preSolution
		HideSolutionNode = FALSE
	EndGlobalSection
EndGlobal
